{
  "name": "client",
  "version": "1.0.0",
  "lockfileVersion": 3,
  "requires": true,
  "packages": {
    "": {
      "name": "client",
      "version": "1.0.0",
      "license": "ISC",
      "dependencies": {
        "php-session-middleware": "^0.0.3",
        "react": "^18.2.0"
      }
    },
    "node_modules/bluebird": {
      "version": "2.11.0",
      "resolved": "https://registry.npmjs.org/bluebird/-/bluebird-2.11.0.tgz",
      "integrity": "sha512-UfFSr22dmHPQqPP9XWHRhq+gWnHCYguQGkXQlbyPtW5qTnhFWA8/iXg765tH0cAjy7l/zPJ1aBTO0g5XgA7kvQ=="
    },
    "node_modules/js-tokens": {
      "version": "4.0.0",
      "resolved": "https://registry.npmjs.org/js-tokens/-/js-tokens-4.0.0.tgz",
      "integrity": "sha512-RdJUflcE3cUzKiMqQgsCu06FPu9UdIJO0beYbPhHN4k6apgJtifcoCtT9bcxOpYBtpD2kCM6Sbzg4CausW/PKQ=="
    },
    "node_modules/loose-envify": {
      "version": "1.4.0",
      "resolved": "https://registry.npmjs.org/loose-envify/-/loose-envify-1.4.0.tgz",
      "integrity": "sha512-lyuxPGr/Wfhrlem2CL/UcnUc1zcqKAImBDzukY7Y5F/yQiNdko6+fRLevlw1HgMySw7f611UIY408EtxRSoK3Q==",
      "dependencies": {
        "js-tokens": "^3.0.0 || ^4.0.0"
      },
      "bin": {
        "loose-envify": "cli.js"
      }
    },
    "node_modules/php-session-middleware": {
      "version": "0.0.3",
      "resolved": "https://registry.npmjs.org/php-session-middleware/-/php-session-middleware-0.0.3.tgz",
      "integrity": "sha512-G5M73eoBcALK3b43t6fSqpfITIEsuxHz96NWI3Y+ko6YQw43G3GHa7k5/jx8VJln2uNO5Yyp9Z5rrG1FrjfyOw==",
      "dependencies": {
        "bluebird": "^2.5.3",
        "php-unserialize": "0.0.1"
      }
    },
    "node_modules/php-unserialize": {
      "version": "0.0.1",
      "resolved": "https://registry.npmjs.org/php-unserialize/-/php-unserialize-0.0.1.tgz",
      "integrity": "sha512-aZWuX3gQ30Dui+Lff19q0jeu+3DHpSYXFEQPkeAx4WAyDtAp5VI30ZPC5wb4OrcHy6KUiZIRFRTWkvK8l8l6Rw==",
      "engines": {
        "node": "*"
      }
    },
    "node_modules/react": {
      "version": "18.3.1",
      "resolved": "https://registry.npmjs.org/react/-/react-18.3.1.tgz",
      "integrity": "sha512-wS+hAgJShR0KhEvPJArfuPVN1+Hz1t0Y6n5jLrGQbkb4urgPE/0Rve+1kMB1v/oWgHgm4WIcV+i7F2pTVj+2iQ==",
      "dependencies": {
        "loose-envify": "^1.1.0"
      },
      "engines": {
        "node": ">=0.10.0"
      }
    }
  }
}
